// !$*UTF8*$!
{
	archiveVersion = 1;
	classes = {
	};
	objectVersion = 51;
	objects = {

/* Begin PBXBuildFile section */
		B70BC97925FF4C6100E0E752 /* RemoteImage.swift in Sources */ = {isa = PBXBuildFile; fileRef = B70BC97825FF4C6000E0E752 /* RemoteImage.swift */; };
		B70BC98525FF963D00E0E752 /* Extension.swift in Sources */ = {isa = PBXBuildFile; fileRef = B70BC98425FF963D00E0E752 /* Extension.swift */; };
		B70BC98C25FF974B00E0E752 /* ImagePicker.swift in Sources */ = {isa = PBXBuildFile; fileRef = B70BC98B25FF974B00E0E752 /* ImagePicker.swift */; };
		B744FA8925FCBB3E0044B1A2 /* AppDelegate.swift in Sources */ = {isa = PBXBuildFile; fileRef = B744FA8825FCBB3E0044B1A2 /* AppDelegate.swift */; };
		B744FA8B25FCBB3E0044B1A2 /* SceneDelegate.swift in Sources */ = {isa = PBXBuildFile; fileRef = B744FA8A25FCBB3E0044B1A2 /* SceneDelegate.swift */; };
		B744FA8D25FCBB3E0044B1A2 /* ContentView.swift in Sources */ = {isa = PBXBuildFile; fileRef = B744FA8C25FCBB3E0044B1A2 /* ContentView.swift */; };
		B744FA9025FCBB3E0044B1A2 /* Notes.xcdatamodeld in Sources */ = {isa = PBXBuildFile; fileRef = B744FA8E25FCBB3E0044B1A2 /* Notes.xcdatamodeld */; };
		B744FA9225FCBB400044B1A2 /* Assets.xcassets in Resources */ = {isa = PBXBuildFile; fileRef = B744FA9125FCBB400044B1A2 /* Assets.xcassets */; };
		B744FA9525FCBB400044B1A2 /* Preview Assets.xcassets in Resources */ = {isa = PBXBuildFile; fileRef = B744FA9425FCBB400044B1A2 /* Preview Assets.xcassets */; };
		B744FA9825FCBB400044B1A2 /* LaunchScreen.storyboard in Resources */ = {isa = PBXBuildFile; fileRef = B744FA9625FCBB400044B1A2 /* LaunchScreen.storyboard */; };
		B744FAA225FCBBA20044B1A2 /* NotesService.swift in Sources */ = {isa = PBXBuildFile; fileRef = B744FAA125FCBBA20044B1A2 /* NotesService.swift */; };
		B744FAA625FCBEB20044B1A2 /* NotesModel.swift in Sources */ = {isa = PBXBuildFile; fileRef = B744FAA525FCBEB20044B1A2 /* NotesModel.swift */; };
		B744FAAC25FD1B4D0044B1A2 /* CoreDataManager.swift in Sources */ = {isa = PBXBuildFile; fileRef = B744FAAB25FD1B4D0044B1A2 /* CoreDataManager.swift */; };
		B744FAAF25FD25480044B1A2 /* Constant.swift in Sources */ = {isa = PBXBuildFile; fileRef = B744FAAE25FD25480044B1A2 /* Constant.swift */; };
		B744FAB525FD31EF0044B1A2 /* NotesDetails.swift in Sources */ = {isa = PBXBuildFile; fileRef = B744FAB425FD31EF0044B1A2 /* NotesDetails.swift */; };
		B744FAB925FD32030044B1A2 /* CreateNotes.swift in Sources */ = {isa = PBXBuildFile; fileRef = B744FAB825FD32030044B1A2 /* CreateNotes.swift */; };
		B78A342825FE17FC00933681 /* MultilineTextField.swift in Sources */ = {isa = PBXBuildFile; fileRef = B78A342725FE17FC00933681 /* MultilineTextField.swift */; };
		E290251758A4EAA1C509C444 /* Pods_Notes.framework in Frameworks */ = {isa = PBXBuildFile; fileRef = A4AFF473CE09793CF829D68B /* Pods_Notes.framework */; };
/* End PBXBuildFile section */

/* Begin PBXFileReference section */
		A4AFF473CE09793CF829D68B /* Pods_Notes.framework */ = {isa = PBXFileReference; explicitFileType = wrapper.framework; includeInIndex = 0; path = Pods_Notes.framework; sourceTree = BUILT_PRODUCTS_DIR; };
		AF62D075230191B26767B101 /* Pods-Notes.release.xcconfig */ = {isa = PBXFileReference; includeInIndex = 1; lastKnownFileType = text.xcconfig; name = "Pods-Notes.release.xcconfig"; path = "Target Support Files/Pods-Notes/Pods-Notes.release.xcconfig"; sourceTree = "<group>"; };
		B70BC97825FF4C6000E0E752 /* RemoteImage.swift */ = {isa = PBXFileReference; lastKnownFileType = sourcecode.swift; path = RemoteImage.swift; sourceTree = "<group>"; };
		B70BC98425FF963D00E0E752 /* Extension.swift */ = {isa = PBXFileReference; lastKnownFileType = sourcecode.swift; path = Extension.swift; sourceTree = "<group>"; };
		B70BC98B25FF974B00E0E752 /* ImagePicker.swift */ = {isa = PBXFileReference; lastKnownFileType = sourcecode.swift; path = ImagePicker.swift; sourceTree = "<group>"; };
		B744FA8525FCBB3E0044B1A2 /* Notes.app */ = {isa = PBXFileReference; explicitFileType = wrapper.application; includeInIndex = 0; path = Notes.app; sourceTree = BUILT_PRODUCTS_DIR; };
		B744FA8825FCBB3E0044B1A2 /* AppDelegate.swift */ = {isa = PBXFileReference; lastKnownFileType = sourcecode.swift; path = AppDelegate.swift; sourceTree = "<group>"; };
		B744FA8A25FCBB3E0044B1A2 /* SceneDelegate.swift */ = {isa = PBXFileReference; lastKnownFileType = sourcecode.swift; path = SceneDelegate.swift; sourceTree = "<group>"; };
		B744FA8C25FCBB3E0044B1A2 /* ContentView.swift */ = {isa = PBXFileReference; lastKnownFileType = sourcecode.swift; path = ContentView.swift; sourceTree = "<group>"; };
		B744FA8F25FCBB3E0044B1A2 /* Notes.xcdatamodel */ = {isa = PBXFileReference; lastKnownFileType = wrapper.xcdatamodel; path = Notes.xcdatamodel; sourceTree = "<group>"; };
		B744FA9125FCBB400044B1A2 /* Assets.xcassets */ = {isa = PBXFileReference; lastKnownFileType = folder.assetcatalog; path = Assets.xcassets; sourceTree = "<group>"; };
		B744FA9425FCBB400044B1A2 /* Preview Assets.xcassets */ = {isa = PBXFileReference; lastKnownFileType = folder.assetcatalog; path = "Preview Assets.xcassets"; sourceTree = "<group>"; };
		B744FA9725FCBB400044B1A2 /* Base */ = {isa = PBXFileReference; lastKnownFileType = file.storyboard; name = Base; path = Base.lproj/LaunchScreen.storyboard; sourceTree = "<group>"; };
		B744FA9925FCBB400044B1A2 /* Info.plist */ = {isa = PBXFileReference; lastKnownFileType = text.plist.xml; path = Info.plist; sourceTree = "<group>"; };
		B744FAA125FCBBA20044B1A2 /* NotesService.swift */ = {isa = PBXFileReference; lastKnownFileType = sourcecode.swift; path = NotesService.swift; sourceTree = "<group>"; };
		B744FAA525FCBEB20044B1A2 /* NotesModel.swift */ = {isa = PBXFileReference; lastKnownFileType = sourcecode.swift; path = NotesModel.swift; sourceTree = "<group>"; };
		B744FAAB25FD1B4D0044B1A2 /* CoreDataManager.swift */ = {isa = PBXFileReference; lastKnownFileType = sourcecode.swift; path = CoreDataManager.swift; sourceTree = "<group>"; };
		B744FAAE25FD25480044B1A2 /* Constant.swift */ = {isa = PBXFileReference; lastKnownFileType = sourcecode.swift; path = Constant.swift; sourceTree = "<group>"; };
		B744FAB425FD31EF0044B1A2 /* NotesDetails.swift */ = {isa = PBXFileReference; lastKnownFileType = sourcecode.swift; path = NotesDetails.swift; sourceTree = "<group>"; };
		B744FAB825FD32030044B1A2 /* CreateNotes.swift */ = {isa = PBXFileReference; lastKnownFileType = sourcecode.swift; path = CreateNotes.swift; sourceTree = "<group>"; };
		B78A342725FE17FC00933681 /* MultilineTextField.swift */ = {isa = PBXFileReference; lastKnownFileType = sourcecode.swift; path = MultilineTextField.swift; sourceTree = "<group>"; };
		EBEEEEEE0E4B6EEBE38CF3A0 /* Pods-Notes.debug.xcconfig */ = {isa = PBXFileReference; includeInIndex = 1; lastKnownFileType = text.xcconfig; name = "Pods-Notes.debug.xcconfig"; path = "Target Support Files/Pods-Notes/Pods-Notes.debug.xcconfig"; sourceTree = "<group>"; };
/* End PBXFileReference section */

/* Begin PBXFrameworksBuildPhase section */
		B744FA8225FCBB3E0044B1A2 /* Frameworks */ = {
			isa = PBXFrameworksBuildPhase;
			buildActionMask = 2147483647;
			files = (
				E290251758A4EAA1C509C444 /* Pods_Notes.framework in Frameworks */,
			);
			runOnlyForDeploymentPostprocessing = 0;
		};
/* End PBXFrameworksBuildPhase section */

/* Begin PBXGroup section */
		000290B1808EAE9F0E04E2C8 /* Pods */ = {
			isa = PBXGroup;
			children = (
				EBEEEEEE0E4B6EEBE38CF3A0 /* Pods-Notes.debug.xcconfig */,
				AF62D075230191B26767B101 /* Pods-Notes.release.xcconfig */,
			);
			path = Pods;
			sourceTree = "<group>";
		};
		1B3EE637BF8AD577D4344422 /* Frameworks */ = {
			isa = PBXGroup;
			children = (
				A4AFF473CE09793CF829D68B /* Pods_Notes.framework */,
			);
			name = Frameworks;
			sourceTree = "<group>";
		};
		B70BC98225FF95CA00E0E752 /* Shared */ = {
			isa = PBXGroup;
			children = (
				B78A342725FE17FC00933681 /* MultilineTextField.swift */,
				B70BC97825FF4C6000E0E752 /* RemoteImage.swift */,
				B70BC98B25FF974B00E0E752 /* ImagePicker.swift */,
				B744FAAE25FD25480044B1A2 /* Constant.swift */,
			);
			path = Shared;
			sourceTree = "<group>";
		};
		B70BC98325FF960D00E0E752 /* Extensions */ = {
			isa = PBXGroup;
			children = (
				B70BC98425FF963D00E0E752 /* Extension.swift */,
			);
			path = Extensions;
			sourceTree = "<group>";
		};
		B70BC99225FF97E900E0E752 /* CoreData */ = {
			isa = PBXGroup;
			children = (
				B744FAAB25FD1B4D0044B1A2 /* CoreDataManager.swift */,
				B744FA8E25FCBB3E0044B1A2 /* Notes.xcdatamodeld */,
			);
			path = CoreData;
			sourceTree = "<group>";
		};
		B70BC99325FF980A00E0E752 /* View */ = {
			isa = PBXGroup;
			children = (
				B744FA8C25FCBB3E0044B1A2 /* ContentView.swift */,
				B744FAB825FD32030044B1A2 /* CreateNotes.swift */,
				B744FAB425FD31EF0044B1A2 /* NotesDetails.swift */,
			);
			path = View;
			sourceTree = "<group>";
		};
		B70BC99425FF985400E0E752 /* Model */ = {
			isa = PBXGroup;
			children = (
				B744FAA525FCBEB20044B1A2 /* NotesModel.swift */,
				B744FAA125FCBBA20044B1A2 /* NotesService.swift */,
			);
			path = Model;
			sourceTree = "<group>";
		};
		B70BC99525FF987D00E0E752 /* ViewModel */ = {
			isa = PBXGroup;
			children = (
			);
			path = ViewModel;
			sourceTree = "<group>";
		};
		B70BC99625FF98C300E0E752 /* SupportingFiles */ = {
			isa = PBXGroup;
			children = (
				B744FA9125FCBB400044B1A2 /* Assets.xcassets */,
				B744FA9625FCBB400044B1A2 /* LaunchScreen.storyboard */,
			);
			path = SupportingFiles;
			sourceTree = "<group>";
		};
		B744FA7C25FCBB3E0044B1A2 = {
			isa = PBXGroup;
			children = (
				B744FA8725FCBB3E0044B1A2 /* Notes */,
				B744FA8625FCBB3E0044B1A2 /* Products */,
				000290B1808EAE9F0E04E2C8 /* Pods */,
				1B3EE637BF8AD577D4344422 /* Frameworks */,
			);
			sourceTree = "<group>";
		};
		B744FA8625FCBB3E0044B1A2 /* Products */ = {
			isa = PBXGroup;
			children = (
				B744FA8525FCBB3E0044B1A2 /* Notes.app */,
			);
			name = Products;
			sourceTree = "<group>";
		};
		B744FA8725FCBB3E0044B1A2 /* Notes */ = {
			isa = PBXGroup;
			children = (
				B744FA8825FCBB3E0044B1A2 /* AppDelegate.swift */,
				B744FA8A25FCBB3E0044B1A2 /* SceneDelegate.swift */,
				B70BC98325FF960D00E0E752 /* Extensions */,
				B70BC98225FF95CA00E0E752 /* Shared */,
				B70BC99225FF97E900E0E752 /* CoreData */,
				B70BC99425FF985400E0E752 /* Model */,
				B70BC99325FF980A00E0E752 /* View */,
				B70BC99525FF987D00E0E752 /* ViewModel */,
				B70BC99625FF98C300E0E752 /* SupportingFiles */,
				B744FA9925FCBB400044B1A2 /* Info.plist */,
				B744FA9325FCBB400044B1A2 /* Preview Content */,
			);
			path = Notes;
			sourceTree = "<group>";
		};
		B744FA9325FCBB400044B1A2 /* Preview Content */ = {
			isa = PBXGroup;
			children = (
				B744FA9425FCBB400044B1A2 /* Preview Assets.xcassets */,
			);
			path = "Preview Content";
			sourceTree = "<group>";
		};
/* End PBXGroup section */

/* Begin PBXNativeTarget section */
		B744FA8425FCBB3E0044B1A2 /* Notes */ = {
			isa = PBXNativeTarget;
			buildConfigurationList = B744FA9C25FCBB400044B1A2 /* Build configuration list for PBXNativeTarget "Notes" */;
			buildPhases = (
				AAC47045C8F4571BAC42D5A7 /* [CP] Check Pods Manifest.lock */,
				B744FA8125FCBB3E0044B1A2 /* Sources */,
				B744FA8225FCBB3E0044B1A2 /* Frameworks */,
				B744FA8325FCBB3E0044B1A2 /* Resources */,
				C83D0DBDEA487761D9D35E05 /* [CP] Embed Pods Frameworks */,
			);
			buildRules = (
			);
			dependencies = (
			);
			name = Notes;
			productName = Notes;
			productReference = B744FA8525FCBB3E0044B1A2 /* Notes.app */;
			productType = "com.apple.product-type.application";
		};
/* End PBXNativeTarget section */

/* Begin PBXProject section */
		B744FA7D25FCBB3E0044B1A2 /* Project object */ = {
			isa = PBXProject;
			attributes = {
				LastSwiftUpdateCheck = 1220;
				LastUpgradeCheck = 1220;
				TargetAttributes = {
					B744FA8425FCBB3E0044B1A2 = {
						CreatedOnToolsVersion = 12.2;
					};
				};
			};
			buildConfigurationList = B744FA8025FCBB3E0044B1A2 /* Build configuration list for PBXProject "Notes" */;
			compatibilityVersion = "Xcode 9.3";
			developmentRegion = en;
			hasScannedForEncodings = 0;
			knownRegions = (
				en,
				Base,
			);
			mainGroup = B744FA7C25FCBB3E0044B1A2;
			productRefGroup = B744FA8625FCBB3E0044B1A2 /* Products */;
			projectDirPath = "";
			projectRoot = "";
			targets = (
				B744FA8425FCBB3E0044B1A2 /* Notes */,
			);
		};
/* End PBXProject section */

/* Begin PBXResourcesBuildPhase section */
		B744FA8325FCBB3E0044B1A2 /* Resources */ = {
			isa = PBXResourcesBuildPhase;
			buildActionMask = 2147483647;
			files = (
				B744FA9825FCBB400044B1A2 /* LaunchScreen.storyboard in Resources */,
				B744FA9525FCBB400044B1A2 /* Preview Assets.xcassets in Resources */,
				B744FA9225FCBB400044B1A2 /* Assets.xcassets in Resources */,
			);
			runOnlyForDeploymentPostprocessing = 0;
		};
/* End PBXResourcesBuildPhase section */

/* Begin PBXShellScriptBuildPhase section */
		AAC47045C8F4571BAC42D5A7 /* [CP] Check Pods Manifest.lock */ = {
			isa = PBXShellScriptBuildPhase;
			buildActionMask = 2147483647;
			files = (
			);
			inputFileListPaths = (
			);
			inputPaths = (
				"${PODS_PODFILE_DIR_PATH}/Podfile.lock",
				"${PODS_ROOT}/Manifest.lock",
			);
			name = "[CP] Check Pods Manifest.lock";
			outputFileListPaths = (
			);
			outputPaths = (
				"$(DERIVED_FILE_DIR)/Pods-Notes-checkManifestLockResult.txt",
			);
			runOnlyForDeploymentPostprocessing = 0;
			shellPath = /bin/sh;
			shellScript = "diff \"${PODS_PODFILE_DIR_PATH}/Podfile.lock\" \"${PODS_ROOT}/Manifest.lock\" > /dev/null\nif [ $? != 0 ] ; then\n    # print error to STDERR\n    echo \"error: The sandbox is not in sync with the Podfile.lock. Run 'pod install' or update your CocoaPods installation.\" >&2\n    exit 1\nfi\n# This output is used by Xcode 'outputs' to avoid re-running this script phase.\necho \"SUCCESS\" > \"${SCRIPT_OUTPUT_FILE_0}\"\n";
			showEnvVarsInLog = 0;
		};
		C83D0DBDEA487761D9D35E05 /* [CP] Embed Pods Frameworks */ = {
			isa = PBXShellScriptBuildPhase;
			buildActionMask = 2147483647;
			files = (
			);
			inputFileListPaths = (
				"${PODS_ROOT}/Target Support Files/Pods-Notes/Pods-Notes-frameworks-${CONFIGURATION}-input-files.xcfilelist",
			);
			name = "[CP] Embed Pods Frameworks";
			outputFileListPaths = (
				"${PODS_ROOT}/Target Support Files/Pods-Notes/Pods-Notes-frameworks-${CONFIGURATION}-output-files.xcfilelist",
			);
			runOnlyForDeploymentPostprocessing = 0;
			shellPath = /bin/sh;
			shellScript = "\"${PODS_ROOT}/Target Support Files/Pods-Notes/Pods-Notes-frameworks.sh\"\n";
			showEnvVarsInLog = 0;
		};
/* End PBXShellScriptBuildPhase section */

/* Begin PBXSourcesBuildPhase section */
		B744FA8125FCBB3E0044B1A2 /* Sources */ = {
			isa = PBXSourcesBuildPhase;
			buildActionMask = 2147483647;
			files = (
				B744FAA225FCBBA20044B1A2 /* NotesService.swift in Sources */,
				B744FA8925FCBB3E0044B1A2 /* AppDelegate.swift in Sources */,
				B744FA8B25FCBB3E0044B1A2 /* SceneDelegate.swift in Sources */,
				B70BC98C25FF974B00E0E752 /* ImagePicker.swift in Sources */,
				B70BC97925FF4C6100E0E752 /* RemoteImage.swift in Sources */,
				B744FAAF25FD25480044B1A2 /* Constant.swift in Sources */,
				B744FA8D25FCBB3E0044B1A2 /* ContentView.swift in Sources */,
				B744FA9025FCBB3E0044B1A2 /* Notes.xcdatamodeld in Sources */,
				B744FAAC25FD1B4D0044B1A2 /* CoreDataManager.swift in Sources */,
				B744FAA625FCBEB20044B1A2 /* NotesModel.swift in Sources */,
				B70BC98525FF963D00E0E752 /* Extension.swift in Sources */,
				B744FAB525FD31EF0044B1A2 /* NotesDetails.swift in Sources */,
				B744FAB925FD32030044B1A2 /* CreateNotes.swift in Sources */,
				B78A342825FE17FC00933681 /* MultilineTextField.swift in Sources */,
			);
			runOnlyForDeploymentPostprocessing = 0;
		};
/* End PBXSourcesBuildPhase section */

/* Begin PBXVariantGroup section */
		B744FA9625FCBB400044B1A2 /* LaunchScreen.storyboard */ = {
			isa = PBXVariantGroup;
			children = (
				B744FA9725FCBB400044B1A2 /* Base */,
			);
			name = LaunchScreen.storyboard;
			sourceTree = "<group>";
		};
/* End PBXVariantGroup section */

/* Begin XCBuildConfiguration section */
		B744FA9A25FCBB400044B1A2 /* Debug */ = {
			isa = XCBuildConfiguration;
			buildSettings = {
				ALWAYS_SEARCH_USER_PATHS = NO;
				CLANG_ANALYZER_NONNULL = YES;
				CLANG_ANALYZER_NUMBER_OBJECT_CONVERSION = YES_AGGRESSIVE;
				CLANG_CXX_LANGUAGE_STANDARD = "gnu++14";
				CLANG_CXX_LIBRARY = "libc++";
				CLANG_ENABLE_MODULES = YES;
				CLANG_ENABLE_OBJC_ARC = YES;
				CLANG_ENABLE_OBJC_WEAK = YES;
				CLANG_WARN_BLOCK_CAPTURE_AUTORELEASING = YES;
				CLANG_WARN_BOOL_CONVERSION = YES;
				CLANG_WARN_COMMA = YES;
				CLANG_WARN_CONSTANT_CONVERSION = YES;
				CLANG_WARN_DEPRECATED_OBJC_IMPLEMENTATIONS = YES;
				CLANG_WARN_DIRECT_OBJC_ISA_USAGE = YES_ERROR;
				CLANG_WARN_DOCUMENTATION_COMMENTS = YES;
				CLANG_WARN_EMPTY_BODY = YES;
				CLANG_WARN_ENUM_CONVERSION = YES;
				CLANG_WARN_INFINITE_RECURSION = YES;
				CLANG_WARN_INT_CONVERSION = YES;
				CLANG_WARN_NON_LITERAL_NULL_CONVERSION = YES;
				CLANG_WARN_OBJC_IMPLICIT_RETAIN_SELF = YES;
				CLANG_WARN_OBJC_LITERAL_CONVERSION = YES;
				CLANG_WARN_OBJC_ROOT_CLASS = YES_ERROR;
				CLANG_WARN_QUOTED_INCLUDE_IN_FRAMEWORK_HEADER = YES;
				CLANG_WARN_RANGE_LOOP_ANALYSIS = YES;
				CLANG_WARN_STRICT_PROTOTYPES = YES;
				CLANG_WARN_SUSPICIOUS_MOVE = YES;
				CLANG_WARN_UNGUARDED_AVAILABILITY = YES_AGGRESSIVE;
				CLANG_WARN_UNREACHABLE_CODE = YES;
				CLANG_WARN__DUPLICATE_METHOD_MATCH = YES;
				COPY_PHASE_STRIP = NO;
				DEBUG_INFORMATION_FORMAT = dwarf;
				ENABLE_STRICT_OBJC_MSGSEND = YES;
				ENABLE_TESTABILITY = YES;
				GCC_C_LANGUAGE_STANDARD = gnu11;
				GCC_DYNAMIC_NO_PIC = NO;
				GCC_NO_COMMON_BLOCKS = YES;
				GCC_OPTIMIZATION_LEVEL = 0;
				GCC_PREPROCESSOR_DEFINITIONS = (
					"DEBUG=1",
					"$(inherited)",
				);
				GCC_WARN_64_TO_32_BIT_CONVERSION = YES;
				GCC_WARN_ABOUT_RETURN_TYPE = YES_ERROR;
				GCC_WARN_UNDECLARED_SELECTOR = YES;
				GCC_WARN_UNINITIALIZED_AUTOS = YES_AGGRESSIVE;
				GCC_WARN_UNUSED_FUNCTION = YES;
				GCC_WARN_UNUSED_VARIABLE = YES;
				IPHONEOS_DEPLOYMENT_TARGET = 14.2;
				MTL_ENABLE_DEBUG_INFO = INCLUDE_SOURCE;
				MTL_FAST_MATH = YES;
				ONLY_ACTIVE_ARCH = YES;
				SDKROOT = iphoneos;
				SWIFT_ACTIVE_COMPILATION_CONDITIONS = DEBUG;
				SWIFT_OPTIMIZATION_LEVEL = "-Onone";
			};
			name = Debug;
		};
		B744FA9B25FCBB400044B1A2 /* Release */ = {
			isa = XCBuildConfiguration;
			buildSettings = {
				ALWAYS_SEARCH_USER_PATHS = NO;
				CLANG_ANALYZER_NONNULL = YES;
				CLANG_ANALYZER_NUMBER_OBJECT_CONVERSION = YES_AGGRESSIVE;
				CLANG_CXX_LANGUAGE_STANDARD = "gnu++14";
				CLANG_CXX_LIBRARY = "libc++";
				CLANG_ENABLE_MODULES = YES;
				CLANG_ENABLE_OBJC_ARC = YES;
				CLANG_ENABLE_OBJC_WEAK = YES;
				CLANG_WARN_BLOCK_CAPTURE_AUTORELEASING = YES;
				CLANG_WARN_BOOL_CONVERSION = YES;
				CLANG_WARN_COMMA = YES;
				CLANG_WARN_CONSTANT_CONVERSION = YES;
				CLANG_WARN_DEPRECATED_OBJC_IMPLEMENTATIONS = YES;
				CLANG_WARN_DIRECT_OBJC_ISA_USAGE = YES_ERROR;
				CLANG_WARN_DOCUMENTATION_COMMENTS = YES;
				CLANG_WARN_EMPTY_BODY = YES;
				CLANG_WARN_ENUM_CONVERSION = YES;
				CLANG_WARN_INFINITE_RECURSION = YES;
				CLANG_WARN_INT_CONVERSION = YES;
				CLANG_WARN_NON_LITERAL_NULL_CONVERSION = YES;
				CLANG_WARN_OBJC_IMPLICIT_RETAIN_SELF = YES;
				CLANG_WARN_OBJC_LITERAL_CONVERSION = YES;
				CLANG_WARN_OBJC_ROOT_CLASS = YES_ERROR;
				CLANG_WARN_QUOTED_INCLUDE_IN_FRAMEWORK_HEADER = YES;
				CLANG_WARN_RANGE_LOOP_ANALYSIS = YES;
				CLANG_WARN_STRICT_PROTOTYPES = YES;
				CLANG_WARN_SUSPICIOUS_MOVE = YES;
				CLANG_WARN_UNGUARDED_AVAILABILITY = YES_AGGRESSIVE;
				CLANG_WARN_UNREACHABLE_CODE = YES;
				CLANG_WARN__DUPLICATE_METHOD_MATCH = YES;
				COPY_PHASE_STRIP = NO;
				DEBUG_INFORMATION_FORMAT = "dwarf-with-dsym";
				ENABLE_NS_ASSERTIONS = NO;
				ENABLE_STRICT_OBJC_MSGSEND = YES;
				GCC_C_LANGUAGE_STANDARD = gnu11;
				GCC_NO_COMMON_BLOCKS = YES;
				GCC_WARN_64_TO_32_BIT_CONVERSION = YES;
				GCC_WARN_ABOUT_RETURN_TYPE = YES_ERROR;
				GCC_WARN_UNDECLARED_SELECTOR = YES;
				GCC_WARN_UNINITIALIZED_AUTOS = YES_AGGRESSIVE;
				GCC_WARN_UNUSED_FUNCTION = YES;
				GCC_WARN_UNUSED_VARIABLE = YES;
				IPHONEOS_DEPLOYMENT_TARGET = 14.2;
				MTL_ENABLE_DEBUG_INFO = NO;
				MTL_FAST_MATH = YES;
				SDKROOT = iphoneos;
				SWIFT_COMPILATION_MODE = wholemodule;
				SWIFT_OPTIMIZATION_LEVEL = "-O";
				VALIDATE_PRODUCT = YES;
			};
			name = Release;
		};
		B744FA9D25FCBB400044B1A2 /* Debug */ = {
			isa = XCBuildConfiguration;
			baseConfigurationReference = EBEEEEEE0E4B6EEBE38CF3A0 /* Pods-Notes.debug.xcconfig */;
			buildSettings = {
				ASSETCATALOG_COMPILER_APPICON_NAME = AppIcon;
				ASSETCATALOG_COMPILER_GLOBAL_ACCENT_COLOR_NAME = AccentColor;
				CODE_SIGN_STYLE = Automatic;
				DEVELOPMENT_ASSET_PATHS = "\"Notes/Preview Content\"";
				ENABLE_PREVIEWS = YES;
				INFOPLIST_FILE = Notes/Info.plist;
				IPHONEOS_DEPLOYMENT_TARGET = 14.0;
				LD_RUNPATH_SEARCH_PATHS = (
					"$(inherited)",
					"@executable_path/Frameworks",
				);
				PRODUCT_BUNDLE_IDENTIFIER = com.ram.Notes;
				PRODUCT_NAME = "$(TARGET_NAME)";
				SWIFT_VERSION = 5.0;
				TARGETED_DEVICE_FAMILY = 1;
			};
			name = Debug;
		};
		B744FA9E25FCBB400044B1A2 /* Release */ = {
			isa = XCBuildConfiguration;
			baseConfigurationReference = AF62D075230191B26767B101 /* Pods-Notes.release.xcconfig */;
			buildSettings = {
				ASSETCATALOG_COMPILER_APPICON_NAME = AppIcon;
				ASSETCATALOG_COMPILER_GLOBAL_ACCENT_COLOR_NAME = AccentColor;
				CODE_SIGN_STYLE = Automatic;
				DEVELOPMENT_ASSET_PATHS = "\"Notes/Preview Content\"";
				ENABLE_PREVIEWS = YES;
				INFOPLIST_FILE = Notes/Info.plist;
				IPHONEOS_DEPLOYMENT_TARGET = 14.0;
				LD_RUNPATH_SEARCH_PATHS = (
					"$(inherited)",
					"@executable_path/Frameworks",
				);
				PRODUCT_BUNDLE_IDENTIFIER = com.ram.Notes;
				PRODUCT_NAME = "$(TARGET_NAME)";
				SWIFT_VERSION = 5.0;
				TARGETED_DEVICE_FAMILY = 1;
			};
			name = Release;
		};
/* End XCBuildConfiguration section */

/* Begin XCConfigurationList section */
		B744FA8025FCBB3E0044B1A2 /* Build configuration list for PBXProject "Notes" */ = {
			isa = XCConfigurationList;
			buildConfigurations = (
				B744FA9A25FCBB400044B1A2 /* Debug */,
				B744FA9B25FCBB400044B1A2 /* Release */,
			);
			defaultConfigurationIsVisible = 0;
			defaultConfigurationName = Release;
		};
		B744FA9C25FCBB400044B1A2 /* Build configuration list for PBXNativeTarget "Notes" */ = {
			isa = XCConfigurationList;
			buildConfigurations = (
				B744FA9D25FCBB400044B1A2 /* Debug */,
				B744FA9E25FCBB400044B1A2 /* Release */,
			);
			defaultConfigurationIsVisible = 0;
			defaultConfigurationName = Release;
		};
/* End XCConfigurationList section */

/* Begin XCVersionGroup section */
		B744FA8E25FCBB3E0044B1A2 /* Notes.xcdatamodeld */ = {
			isa = XCVersionGroup;
			children = (
				B744FA8F25FCBB3E0044B1A2 /* Notes.xcdatamodel */,
			);
			currentVersion = B744FA8F25FCBB3E0044B1A2 /* Notes.xcdatamodel */;
			path = Notes.xcdatamodeld;
			sourceTree = "<group>";
			versionGroupType = wrapper.xcdatamodel;
		};
/* End XCVersionGroup section */
	};
	rootObject = B744FA7D25FCBB3E0044B1A2 /* Project object */;
}
